// !$*UTF8*$!
{
	archiveVersion = 1;
	classes = {
	};
	objectVersion = 48;
	objects = {

/* Begin PBXBuildFile section */
		6FC58F961FBFAB8E000F2128 /* AppDelegate.m in Sources */ = {isa = PBXBuildFile; fileRef = 6FC58F951FBFAB8E000F2128 /* AppDelegate.m */; };
		6FC58F9C1FBFAB8E000F2128 /* Main.storyboard in Resources */ = {isa = PBXBuildFile; fileRef = 6FC58F9A1FBFAB8E000F2128 /* Main.storyboard */; };
		6FC58F9E1FBFAB8E000F2128 /* Assets.xcassets in Resources */ = {isa = PBXBuildFile; fileRef = 6FC58F9D1FBFAB8E000F2128 /* Assets.xcassets */; };
		6FC58FA11FBFAB8F000F2128 /* LaunchScreen.storyboard in Resources */ = {isa = PBXBuildFile; fileRef = 6FC58F9F1FBFAB8F000F2128 /* LaunchScreen.storyboard */; };
		6FC58FA41FBFAB8F000F2128 /* main.m in Sources */ = {isa = PBXBuildFile; fileRef = 6FC58FA31FBFAB8F000F2128 /* main.m */; };
		6FC58FAB1FBFABE3000F2128 /* textFiles in Resources */ = {isa = PBXBuildFile; fileRef = 6FC58FAA1FBFABE3000F2128 /* textFiles */; };
		6FC58FAD1FBFABE8000F2128 /* makePListFromTextFiles.py in Resources */ = {isa = PBXBuildFile; fileRef = 6FC58FAC1FBFABE8000F2128 /* makePListFromTextFiles.py */; };
		6FC58FDD1FBFB0D7000F2128 /* PresidentsTableViewController.m in Sources */ = {isa = PBXBuildFile; fileRef = 6FC58FDC1FBFB0D7000F2128 /* PresidentsTableViewController.m */; };
		6FC58FE01FBFB0F3000F2128 /* PresidentsTableViewCell.m in Sources */ = {isa = PBXBuildFile; fileRef = 6FC58FDF1FBFB0F3000F2128 /* PresidentsTableViewCell.m */; };
		6FC58FE31FBFB112000F2128 /* PresidentDetailViewController.m in Sources */ = {isa = PBXBuildFile; fileRef = 6FC58FE21FBFB112000F2128 /* PresidentDetailViewController.m */; };
		6FC58FE61FBFB237000F2128 /* Presidents.m in Sources */ = {isa = PBXBuildFile; fileRef = 6FC58FE51FBFB237000F2128 /* Presidents.m */; };
		6FEB03A01FBFE2EC0049B986 /* USP.plist in Resources */ = {isa = PBXBuildFile; fileRef = 6FEB039F1FBFE2EC0049B986 /* USP.plist */; };
/* End PBXBuildFile section */

/* Begin PBXFileReference section */
		6FC58F911FBFAB8E000F2128 /* US_Presidents.app */ = {isa = PBXFileReference; explicitFileType = wrapper.application; includeInIndex = 0; path = US_Presidents.app; sourceTree = BUILT_PRODUCTS_DIR; };
		6FC58F941FBFAB8E000F2128 /* AppDelegate.h */ = {isa = PBXFileReference; lastKnownFileType = sourcecode.c.h; path = AppDelegate.h; sourceTree = "<group>"; };
		6FC58F951FBFAB8E000F2128 /* AppDelegate.m */ = {isa = PBXFileReference; lastKnownFileType = sourcecode.c.objc; path = AppDelegate.m; sourceTree = "<group>"; };
		6FC58F9B1FBFAB8E000F2128 /* Base */ = {isa = PBXFileReference; lastKnownFileType = file.storyboard; name = Base; path = Base.lproj/Main.storyboard; sourceTree = "<group>"; };
		6FC58F9D1FBFAB8E000F2128 /* Assets.xcassets */ = {isa = PBXFileReference; lastKnownFileType = folder.assetcatalog; path = Assets.xcassets; sourceTree = "<group>"; };
		6FC58FA01FBFAB8F000F2128 /* Base */ = {isa = PBXFileReference; lastKnownFileType = file.storyboard; name = Base; path = Base.lproj/LaunchScreen.storyboard; sourceTree = "<group>"; };
		6FC58FA21FBFAB8F000F2128 /* Info.plist */ = {isa = PBXFileReference; lastKnownFileType = text.plist.xml; path = Info.plist; sourceTree = "<group>"; };
		6FC58FA31FBFAB8F000F2128 /* main.m */ = {isa = PBXFileReference; lastKnownFileType = sourcecode.c.objc; path = main.m; sourceTree = "<group>"; };
		6FC58FAA1FBFABE3000F2128 /* textFiles */ = {isa = PBXFileReference; lastKnownFileType = folder; path = textFiles; sourceTree = "<group>"; };
		6FC58FAC1FBFABE8000F2128 /* makePListFromTextFiles.py */ = {isa = PBXFileReference; lastKnownFileType = text.script.python; path = makePListFromTextFiles.py; sourceTree = "<group>"; };
		6FC58FDB1FBFB0D7000F2128 /* PresidentsTableViewController.h */ = {isa = PBXFileReference; lastKnownFileType = sourcecode.c.h; path = PresidentsTableViewController.h; sourceTree = "<group>"; };
		6FC58FDC1FBFB0D7000F2128 /* PresidentsTableViewController.m */ = {isa = PBXFileReference; lastKnownFileType = sourcecode.c.objc; path = PresidentsTableViewController.m; sourceTree = "<group>"; };
		6FC58FDE1FBFB0F3000F2128 /* PresidentsTableViewCell.h */ = {isa = PBXFileReference; lastKnownFileType = sourcecode.c.h; path = PresidentsTableViewCell.h; sourceTree = "<group>"; };
		6FC58FDF1FBFB0F3000F2128 /* PresidentsTableViewCell.m */ = {isa = PBXFileReference; lastKnownFileType = sourcecode.c.objc; path = PresidentsTableViewCell.m; sourceTree = "<group>"; };
		6FC58FE11FBFB112000F2128 /* PresidentDetailViewController.h */ = {isa = PBXFileReference; lastKnownFileType = sourcecode.c.h; path = PresidentDetailViewController.h; sourceTree = "<group>"; };
		6FC58FE21FBFB112000F2128 /* PresidentDetailViewController.m */ = {isa = PBXFileReference; lastKnownFileType = sourcecode.c.objc; path = PresidentDetailViewController.m; sourceTree = "<group>"; };
		6FC58FE41FBFB237000F2128 /* Presidents.h */ = {isa = PBXFileReference; lastKnownFileType = sourcecode.c.h; path = Presidents.h; sourceTree = "<group>"; };
		6FC58FE51FBFB237000F2128 /* Presidents.m */ = {isa = PBXFileReference; lastKnownFileType = sourcecode.c.objc; path = Presidents.m; sourceTree = "<group>"; };
		6FEB039F1FBFE2EC0049B986 /* USP.plist */ = {isa = PBXFileReference; lastKnownFileType = text.plist.xml; path = USP.plist; sourceTree = "<group>"; };
/* End PBXFileReference section */

/* Begin PBXFrameworksBuildPhase section */
		6FC58F8E1FBFAB8E000F2128 /* Frameworks */ = {
			isa = PBXFrameworksBuildPhase;
			buildActionMask = 2147483647;
			files = (
			);
			runOnlyForDeploymentPostprocessing = 0;
		};
/* End PBXFrameworksBuildPhase section */

/* Begin PBXGroup section */
		6FC58F881FBFAB8E000F2128 = {
			isa = PBXGroup;
			children = (
				6FC58F931FBFAB8E000F2128 /* US_Presidents */,
				6FC58F921FBFAB8E000F2128 /* Products */,
			);
			sourceTree = "<group>";
		};
		6FC58F921FBFAB8E000F2128 /* Products */ = {
			isa = PBXGroup;
			children = (
				6FC58F911FBFAB8E000F2128 /* US_Presidents.app */,
			);
			name = Products;
			sourceTree = "<group>";
		};
		6FC58F931FBFAB8E000F2128 /* US_Presidents */ = {
			isa = PBXGroup;
			children = (
				6FC58F9A1FBFAB8E000F2128 /* Main.storyboard */,
				6FC58F9F1FBFAB8F000F2128 /* LaunchScreen.storyboard */,
				6FC58FDB1FBFB0D7000F2128 /* PresidentsTableViewController.h */,
				6FC58FDC1FBFB0D7000F2128 /* PresidentsTableViewController.m */,
				6FC58FDE1FBFB0F3000F2128 /* PresidentsTableViewCell.h */,
				6FC58FDF1FBFB0F3000F2128 /* PresidentsTableViewCell.m */,
				6FC58FE11FBFB112000F2128 /* PresidentDetailViewController.h */,
				6FC58FE21FBFB112000F2128 /* PresidentDetailViewController.m */,
				6FC58FE41FBFB237000F2128 /* Presidents.h */,
				6FC58FE51FBFB237000F2128 /* Presidents.m */,
				6FC58F941FBFAB8E000F2128 /* AppDelegate.h */,
				6FC58F951FBFAB8E000F2128 /* AppDelegate.m */,
				6FC58FA31FBFAB8F000F2128 /* main.m */,
				6FC58FA21FBFAB8F000F2128 /* Info.plist */,
				6FEB039F1FBFE2EC0049B986 /* USP.plist */,
				6FC58FAC1FBFABE8000F2128 /* makePListFromTextFiles.py */,
				6FC58FAA1FBFABE3000F2128 /* textFiles */,
				6FC58F9D1FBFAB8E000F2128 /* Assets.xcassets */,
			);
			path = US_Presidents;
			sourceTree = "<group>";
		};
/* End PBXGroup section */

/* Begin PBXNativeTarget section */
		6FC58F901FBFAB8E000F2128 /* US_Presidents */ = {
			isa = PBXNativeTarget;
			buildConfigurationList = 6FC58FA71FBFAB8F000F2128 /* Build configuration list for PBXNativeTarget "US_Presidents" */;
			buildPhases = (
				6FC58F8D1FBFAB8E000F2128 /* Sources */,
				6FC58F8E1FBFAB8E000F2128 /* Frameworks */,
				6FC58F8F1FBFAB8E000F2128 /* Resources */,
			);
			buildRules = (
			);
			dependencies = (
			);
			name = US_Presidents;
			productName = US_Presidents;
			productReference = 6FC58F911FBFAB8E000F2128 /* US_Presidents.app */;
			productType = "com.apple.product-type.application";
		};
/* End PBXNativeTarget section */

/* Begin PBXProject section */
		6FC58F891FBFAB8E000F2128 /* Project object */ = {
			isa = PBXProject;
			attributes = {
				LastUpgradeCheck = 0900;
				ORGANIZATIONNAME = "Matthew Schwartz";
				TargetAttributes = {
					6FC58F901FBFAB8E000F2128 = {
						CreatedOnToolsVersion = 9.0.1;
						ProvisioningStyle = Automatic;
					};
				};
			};
			buildConfigurationList = 6FC58F8C1FBFAB8E000F2128 /* Build configuration list for PBXProject "US_Presidents" */;
			compatibilityVersion = "Xcode 8.0";
			developmentRegion = en;
			hasScannedForEncodings = 0;
			knownRegions = (
				en,
				Base,
			);
			mainGroup = 6FC58F881FBFAB8E000F2128;
			productRefGroup = 6FC58F921FBFAB8E000F2128 /* Products */;
			projectDirPath = "";
			projectRoot = "";
			targets = (
				6FC58F901FBFAB8E000F2128 /* US_Presidents */,
			);
		};
/* End PBXProject section */

/* Begin PBXResourcesBuildPhase section */
		6FC58F8F1FBFAB8E000F2128 /* Resources */ = {
			isa = PBXResourcesBuildPhase;
			buildActionMask = 2147483647;
			files = (
				6FC58FA11FBFAB8F000F2128 /* LaunchScreen.storyboard in Resources */,
				6FC58FAD1FBFABE8000F2128 /* makePListFromTextFiles.py in Resources */,
				6FC58FAB1FBFABE3000F2128 /* textFiles in Resources */,
				6FC58F9E1FBFAB8E000F2128 /* Assets.xcassets in Resources */,
				6FC58F9C1FBFAB8E000F2128 /* Main.storyboard in Resources */,
				6FEB03A01FBFE2EC0049B986 /* USP.plist in Resources */,
			);
			runOnlyForDeploymentPostprocessing = 0;
		};
/* End PBXResourcesBuildPhase section */

/* Begin PBXSourcesBuildPhase section */
		6FC58F8D1FBFAB8E000F2128 /* Sources */ = {
			isa = PBXSourcesBuildPhase;
			buildActionMask = 2147483647;
			files = (
				6FC58FE01FBFB0F3000F2128 /* PresidentsTableViewCell.m in Sources */,
				6FC58FE31FBFB112000F2128 /* PresidentDetailViewController.m in Sources */,
				6FC58FDD1FBFB0D7000F2128 /* PresidentsTableViewController.m in Sources */,
				6FC58FA41FBFAB8F000F2128 /* main.m in Sources */,
				6FC58FE61FBFB237000F2128 /* Presidents.m in Sources */,
				6FC58F961FBFAB8E000F2128 /* AppDelegate.m in Sources */,
			);
			runOnlyForDeploymentPostprocessing = 0;
		};
/* End PBXSourcesBuildPhase section */

/* Begin PBXVariantGroup section */
		6FC58F9A1FBFAB8E000F2128 /* Main.storyboard */ = {
			isa = PBXVariantGroup;
			children = (
				6FC58F9B1FBFAB8E000F2128 /* Base */,
			);
			name = Main.storyboard;
			sourceTree = "<group>";
		};
		6FC58F9F1FBFAB8F000F2128 /* LaunchScreen.storyboard */ = {
			isa = PBXVariantGroup;
			children = (
				6FC58FA01FBFAB8F000F2128 /* Base */,
			);
			name = LaunchScreen.storyboard;
			sourceTree = "<group>";
		};
/* End PBXVariantGroup section */

/* Begin XCBuildConfiguration section */
		6FC58FA51FBFAB8F000F2128 /* Debug */ = {
			isa = XCBuildConfiguration;
			buildSettings = {
				ALWAYS_SEARCH_USER_PATHS = NO;
				CLANG_ANALYZER_NONNULL = YES;
				CLANG_ANALYZER_NUMBER_OBJECT_CONVERSION = YES_AGGRESSIVE;
				CLANG_CXX_LANGUAGE_STANDARD = "gnu++14";
				CLANG_CXX_LIBRARY = "libc++";
				CLANG_ENABLE_MODULES = YES;
				CLANG_ENABLE_OBJC_ARC = YES;
				CLANG_WARN_BLOCK_CAPTURE_AUTORELEASING = YES;
				CLANG_WARN_BOOL_CONVERSION = YES;
				CLANG_WARN_COMMA = YES;
				CLANG_WARN_CONSTANT_CONVERSION = YES;
				CLANG_WARN_DIRECT_OBJC_ISA_USAGE = YES_ERROR;
				CLANG_WARN_DOCUMENTATION_COMMENTS = YES;
				CLANG_WARN_EMPTY_BODY = YES;
				CLANG_WARN_ENUM_CONVERSION = YES;
				CLANG_WARN_INFINITE_RECURSION = YES;
				CLANG_WARN_INT_CONVERSION = YES;
				CLANG_WARN_NON_LITERAL_NULL_CONVERSION = YES;
				CLANG_WARN_OBJC_LITERAL_CONVERSION = YES;
				CLANG_WARN_OBJC_ROOT_CLASS = YES_ERROR;
				CLANG_WARN_RANGE_LOOP_ANALYSIS = YES;
				CLANG_WARN_STRICT_PROTOTYPES = YES;
				CLANG_WARN_SUSPICIOUS_MOVE = YES;
				CLANG_WARN_UNGUARDED_AVAILABILITY = YES_AGGRESSIVE;
				CLANG_WARN_UNREACHABLE_CODE = YES;
				CLANG_WARN__DUPLICATE_METHOD_MATCH = YES;
				CODE_SIGN_IDENTITY = "iPhone Developer";
				COPY_PHASE_STRIP = NO;
				DEBUG_INFORMATION_FORMAT = dwarf;
				ENABLE_STRICT_OBJC_MSGSEND = YES;
				ENABLE_TESTABILITY = YES;
				GCC_C_LANGUAGE_STANDARD = gnu11;
				GCC_DYNAMIC_NO_PIC = NO;
				GCC_NO_COMMON_BLOCKS = YES;
				GCC_OPTIMIZATION_LEVEL = 0;
				GCC_PREPROCESSOR_DEFINITIONS = (
					"DEBUG=1",
					"$(inherited)",
				);
				GCC_WARN_64_TO_32_BIT_CONVERSION = YES;
				GCC_WARN_ABOUT_RETURN_TYPE = YES_ERROR;
				GCC_WARN_UNDECLARED_SELECTOR = YES;
				GCC_WARN_UNINITIALIZED_AUTOS = YES_AGGRESSIVE;
				GCC_WARN_UNUSED_FUNCTION = YES;
				GCC_WARN_UNUSED_VARIABLE = YES;
				IPHONEOS_DEPLOYMENT_TARGET = 11.0;
				MTL_ENABLE_DEBUG_INFO = YES;
				ONLY_ACTIVE_ARCH = YES;
				SDKROOT = iphoneos;
			};
			name = Debug;
		};
		6FC58FA61FBFAB8F000F2128 /* Release */ = {
			isa = XCBuildConfiguration;
			buildSettings = {
				ALWAYS_SEARCH_USER_PATHS = NO;
				CLANG_ANALYZER_NONNULL = YES;
				CLANG_ANALYZER_NUMBER_OBJECT_CONVERSION = YES_AGGRESSIVE;
				CLANG_CXX_LANGUAGE_STANDARD = "gnu++14";
				CLANG_CXX_LIBRARY = "libc++";
				CLANG_ENABLE_MODULES = YES;
				CLANG_ENABLE_OBJC_ARC = YES;
				CLANG_WARN_BLOCK_CAPTURE_AUTORELEASING = YES;
				CLANG_WARN_BOOL_CONVERSION = YES;
				CLANG_WARN_COMMA = YES;
				CLANG_WARN_CONSTANT_CONVERSION = YES;
				CLANG_WARN_DIRECT_OBJC_ISA_USAGE = YES_ERROR;
				CLANG_WARN_DOCUMENTATION_COMMENTS = YES;
				CLANG_WARN_EMPTY_BODY = YES;
				CLANG_WARN_ENUM_CONVERSION = YES;
				CLANG_WARN_INFINITE_RECURSION = YES;
				CLANG_WARN_INT_CONVERSION = YES;
				CLANG_WARN_NON_LITERAL_NULL_CONVERSION = YES;
				CLANG_WARN_OBJC_LITERAL_CONVERSION = YES;
				CLANG_WARN_OBJC_ROOT_CLASS = YES_ERROR;
				CLANG_WARN_RANGE_LOOP_ANALYSIS = YES;
				CLANG_WARN_STRICT_PROTOTYPES = YES;
				CLANG_WARN_SUSPICIOUS_MOVE = YES;
				CLANG_WARN_UNGUARDED_AVAILABILITY = YES_AGGRESSIVE;
				CLANG_WARN_UNREACHABLE_CODE = YES;
				CLANG_WARN__DUPLICATE_METHOD_MATCH = YES;
				CODE_SIGN_IDENTITY = "iPhone Developer";
				COPY_PHASE_STRIP = NO;
				DEBUG_INFORMATION_FORMAT = "dwarf-with-dsym";
				ENABLE_NS_ASSERTIONS = NO;
				ENABLE_STRICT_OBJC_MSGSEND = YES;
				GCC_C_LANGUAGE_STANDARD = gnu11;
				GCC_NO_COMMON_BLOCKS = YES;
				GCC_WARN_64_TO_32_BIT_CONVERSION = YES;
				GCC_WARN_ABOUT_RETURN_TYPE = YES_ERROR;
				GCC_WARN_UNDECLARED_SELECTOR = YES;
				GCC_WARN_UNINITIALIZED_AUTOS = YES_AGGRESSIVE;
				GCC_WARN_UNUSED_FUNCTION = YES;
				GCC_WARN_UNUSED_VARIABLE = YES;
				IPHONEOS_DEPLOYMENT_TARGET = 11.0;
				MTL_ENABLE_DEBUG_INFO = NO;
				SDKROOT = iphoneos;
				VALIDATE_PRODUCT = YES;
			};
			name = Release;
		};
		6FC58FA81FBFAB8F000F2128 /* Debug */ = {
			isa = XCBuildConfiguration;
			buildSettings = {
				ASSETCATALOG_COMPILER_APPICON_NAME = AppIcon;
				CODE_SIGN_STYLE = Automatic;
				DEVELOPMENT_TEAM = BTYVDH7D28;
				INFOPLIST_FILE = US_Presidents/Info.plist;
				LD_RUNPATH_SEARCH_PATHS = "$(inherited) @executable_path/Frameworks";
				PRODUCT_BUNDLE_IDENTIFIER = "Matthew-Schwartz.US-Presidents";
				PRODUCT_NAME = "$(TARGET_NAME)";
				TARGETED_DEVICE_FAMILY = "1,2";
			};
			name = Debug;
		};
		6FC58FA91FBFAB8F000F2128 /* Release */ = {
			isa = XCBuildConfiguration;
			buildSettings = {
				ASSETCATALOG_COMPILER_APPICON_NAME = AppIcon;
				CODE_SIGN_STYLE = Automatic;
				DEVELOPMENT_TEAM = BTYVDH7D28;
				INFOPLIST_FILE = US_Presidents/Info.plist;
				LD_RUNPATH_SEARCH_PATHS = "$(inherited) @executable_path/Frameworks";
				PRODUCT_BUNDLE_IDENTIFIER = "Matthew-Schwartz.US-Presidents";
				PRODUCT_NAME = "$(TARGET_NAME)";
				TARGETED_DEVICE_FAMILY = "1,2";
			};
			name = Release;
		};
/* End XCBuildConfiguration section */

/* Begin XCConfigurationList section */
		6FC58F8C1FBFAB8E000F2128 /* Build configuration list for PBXProject "US_Presidents" */ = {
			isa = XCConfigurationList;
			buildConfigurations = (
				6FC58FA51FBFAB8F000F2128 /* Debug */,
				6FC58FA61FBFAB8F000F2128 /* Release */,
			);
			defaultConfigurationIsVisible = 0;
			defaultConfigurationName = Release;
		};
		6FC58FA71FBFAB8F000F2128 /* Build configuration list for PBXNativeTarget "US_Presidents" */ = {
			isa = XCConfigurationList;
			buildConfigurations = (
				6FC58FA81FBFAB8F000F2128 /* Debug */,
				6FC58FA91FBFAB8F000F2128 /* Release */,
			);
			defaultConfigurationIsVisible = 0;
			defaultConfigurationName = Release;
		};
/* End XCConfigurationList section */
	};
	rootObject = 6FC58F891FBFAB8E000F2128 /* Project object */;
}
